
Microsoft Visual Studio Solution File, Format Version 12.00
# Visual Studio 2012
Project("{FAE04EC0-301F-11D3-BF4B-00C04F79EFBC}") = "paintballevent", "paintballevent.csproj", "{480FA6BE-7E03-4BB5-8A95-DE05A6F45B9B}"
EndProject
Global
	GlobalSection(SolutionConfigurationPlatforms) = preSolution
		Debug|Any CPU = Debug|Any CPU
		Release|Any CPU = Release|Any CPU
	EndGlobalSection
	GlobalSection(ProjectConfigurationPlatforms) = postSolution
		{480FA6BE-7E03-4BB5-8A95-DE05A6F45B9B}.Debug|Any CPU.ActiveCfg = Debug|Any CPU
		{480FA6BE-7E03-4BB5-8A95-DE05A6F45B9B}.Debug|Any CPU.Build.0 = Debug|Any CPU
		{480FA6BE-7E03-4BB5-8A95-DE05A6F45B9B}.Release|Any CPU.ActiveCfg = Release|Any CPU
		{480FA6BE-7E03-4BB5-8A95-DE05A6F45B9B}.Release|Any CPU.Build.0 = Release|Any CPU
	EndGlobalSection
EndGlobal
